
Microsoft Visual Studio Solution File, Format Version 12.00
# Visual Studio Version 16
VisualStudioVersion = 16.0.31613.86
MinimumVisualStudioVersion = 10.0.40219.1
Project("{FAE04EC0-301F-11D3-BF4B-00C04F79EFBC}") = "p1", "p1.csproj", "{233EE0A7-02F5-4454-9174-46B185DDDF0F}"
EndProject
Global
	GlobalSection(SolutionConfigurationPlatforms) = preSolution
		Debug|Any CPU = Debug|Any CPU
		Release|Any CPU = Release|Any CPU
	EndGlobalSection
	GlobalSection(ProjectConfigurationPlatforms) = postSolution
		{233EE0A7-02F5-4454-9174-46B185DDDF0F}.Debug|Any CPU.ActiveCfg = Debug|Any CPU
		{233EE0A7-02F5-4454-9174-46B185DDDF0F}.Debug|Any CPU.Build.0 = Debug|Any CPU
		{233EE0A7-02F5-4454-9174-46B185DDDF0F}.Release|Any CPU.ActiveCfg = Release|Any CPU
		{233EE0A7-02F5-4454-9174-46B185DDDF0F}.Release|Any CPU.Build.0 = Release|Any CPU
	EndGlobalSection
	GlobalSection(SolutionProperties) = preSolution
		HideSolutionNode = FALSE
	EndGlobalSection
	GlobalSection(ExtensibilityGlobals) = postSolution
		SolutionGuid = {0198FF2A-C489-45A0-8864-195A478D3C6D}
	EndGlobalSection
EndGlobal
